
Microsoft Visual Studio Solution File, Format Version 12.00
# Visual Studio Version 17
VisualStudioVersion = 17.4.33122.133
MinimumVisualStudioVersion = 10.0.40219.1
Project("{2150E333-8FDC-42A3-9474-1A3956D46DE8}") = "Data", "Data", "{7FCDE702-DFDC-41D0-B7F5-BE0A8AFAE9FF}"
EndProject
Project("{2150E333-8FDC-42A3-9474-1A3956D46DE8}") = "Services", "Services", "{F3AD0515-5B05-489B-898B-BE16085E670F}"
EndProject
Project("{2150E333-8FDC-42A3-9474-1A3956D46DE8}") = "Systems", "Systems", "{E2695989-989B-43C7-9DBB-548CD9776892}"
EndProject
Project("{2150E333-8FDC-42A3-9474-1A3956D46DE8}") = "EventHandler", "EventHandler", "{31310224-4B41-4D58-8F2E-F228418D5E1D}"
EndProject
Project("{2150E333-8FDC-42A3-9474-1A3956D46DE8}") = "EventGenerator", "EventGenerator", "{B577BF2B-C36E-4889-B60F-50FF3546A7E6}"
EndProject
Project("{9A19103F-16F7-4668-BE54-9A1E7A4F7556}") = "EGAH.EventGenerator", "Systems\EventGenerator\EGAH.EventGenerator\EGAH.EventGenerator.csproj", "{1AA96FA3-1A62-49C8-AF95-9366A8EE9114}"
EndProject
Project("{9A19103F-16F7-4668-BE54-9A1E7A4F7556}") = "EGAH.EventGenerator.Settings", "Systems\EventGenerator\EGAH.EventGenerator.Settings\EGAH.EventGenerator.Settings.csproj", "{118E72B5-765E-4848-B425-55DD167FF216}"
EndProject
Project("{2150E333-8FDC-42A3-9474-1A3956D46DE8}") = "Shared", "Shared", "{79A136C3-369B-4C20-8F0B-608967D88A47}"
EndProject
Project("{9A19103F-16F7-4668-BE54-9A1E7A4F7556}") = "EGAH.Common", "Shared\EGAH.Common\EGAH.Common.csproj", "{A3DC7569-8E24-4F4F-9451-8412073B071B}"
EndProject
Project("{9A19103F-16F7-4668-BE54-9A1E7A4F7556}") = "EGAH.Settings", "Shared\EGAH.Settings\EGAH.Settings.csproj", "{A7892008-24FA-4EEC-914B-E6E4A2BF6AFE}"
EndProject
Project("{9A19103F-16F7-4668-BE54-9A1E7A4F7556}") = "EGAH.Services.Settings", "Services\EGAH.Services.Settings\EGAH.Services.Settings.csproj", "{2BA1544A-1F7F-43E0-88B8-67D78715FC38}"
EndProject
Project("{E53339B2-1760-4266-BCC7-CA923CBCF16C}") = "docker-compose", "docker-compose.dcproj", "{F0ADEB91-C9A7-485E-A692-A80C6673393E}"
EndProject
Project("{9A19103F-16F7-4668-BE54-9A1E7A4F7556}") = "EGAH.Context", "Data\EGAH.Context\EGAH.Context.csproj", "{DA3ED5DF-6137-4420-B788-7CBB61A98B11}"
EndProject
Project("{9A19103F-16F7-4668-BE54-9A1E7A4F7556}") = "EGAH.Context.Entities", "Data\EGAH.Context.Entities\EGAH.Context.Entities.csproj", "{EAD12667-9BF6-4C29-A44B-60F3486F92A9}"
EndProject
Project("{2150E333-8FDC-42A3-9474-1A3956D46DE8}") = "Migrations", "Migrations", "{EE6A247D-C7D6-4BAB-AAFD-68A9D9ADE6BF}"
EndProject
Project("{9A19103F-16F7-4668-BE54-9A1E7A4F7556}") = "EGAH.Context.MigrationsPostgreSQL", "Data\Migrations\EGAH.Context.MigrationsPostgreSQL\EGAH.Context.MigrationsPostgreSQL.csproj", "{8E64420F-08A6-45F4-B17B-420362463B26}"
EndProject
Project("{FAE04EC0-301F-11D3-BF4B-00C04F79EFBC}") = "EGAH.Services.Incidents", "Services\EGAH.Services.Incidents\EGAH.Services.Incidents.csproj", "{AA42C17E-8480-4F58-A90B-0E9DB582A90A}"
EndProject
Project("{FAE04EC0-301F-11D3-BF4B-00C04F79EFBC}") = "EGAH.Services.Events", "Services\EGAH.Services.Events\EGAH.Services.Events.csproj", "{E9FB8480-14E3-45E0-8192-94532BEDADF9}"
EndProject
Project("{9A19103F-16F7-4668-BE54-9A1E7A4F7556}") = "EGAH.EventHandler", "Systems\EventHandler\EGAH.EventHandler\EGAH.EventHandler.csproj", "{98B5BDE7-4C25-42A8-8335-BF50186840E9}"
EndProject
Project("{9A19103F-16F7-4668-BE54-9A1E7A4F7556}") = "EGAH.EventHandler.Settings", "Systems\EventHandler\EGAH.EventHandler.Settings\EGAH.EventHandler.Settings.csproj", "{0B98D130-1B3F-482B-A63B-201F008D79DB}"
EndProject
Global
	GlobalSection(SolutionConfigurationPlatforms) = preSolution
		Debug|Any CPU = Debug|Any CPU
		Release|Any CPU = Release|Any CPU
	EndGlobalSection
	GlobalSection(ProjectConfigurationPlatforms) = postSolution
		{1AA96FA3-1A62-49C8-AF95-9366A8EE9114}.Debug|Any CPU.ActiveCfg = Debug|Any CPU
		{1AA96FA3-1A62-49C8-AF95-9366A8EE9114}.Debug|Any CPU.Build.0 = Debug|Any CPU
		{1AA96FA3-1A62-49C8-AF95-9366A8EE9114}.Release|Any CPU.ActiveCfg = Release|Any CPU
		{1AA96FA3-1A62-49C8-AF95-9366A8EE9114}.Release|Any CPU.Build.0 = Release|Any CPU
		{118E72B5-765E-4848-B425-55DD167FF216}.Debug|Any CPU.ActiveCfg = Debug|Any CPU
		{118E72B5-765E-4848-B425-55DD167FF216}.Debug|Any CPU.Build.0 = Debug|Any CPU
		{118E72B5-765E-4848-B425-55DD167FF216}.Release|Any CPU.ActiveCfg = Release|Any CPU
		{118E72B5-765E-4848-B425-55DD167FF216}.Release|Any CPU.Build.0 = Release|Any CPU
		{A3DC7569-8E24-4F4F-9451-8412073B071B}.Debug|Any CPU.ActiveCfg = Debug|Any CPU
		{A3DC7569-8E24-4F4F-9451-8412073B071B}.Debug|Any CPU.Build.0 = Debug|Any CPU
		{A3DC7569-8E24-4F4F-9451-8412073B071B}.Release|Any CPU.ActiveCfg = Release|Any CPU
		{A3DC7569-8E24-4F4F-9451-8412073B071B}.Release|Any CPU.Build.0 = Release|Any CPU
		{A7892008-24FA-4EEC-914B-E6E4A2BF6AFE}.Debug|Any CPU.ActiveCfg = Debug|Any CPU
		{A7892008-24FA-4EEC-914B-E6E4A2BF6AFE}.Debug|Any CPU.Build.0 = Debug|Any CPU
		{A7892008-24FA-4EEC-914B-E6E4A2BF6AFE}.Release|Any CPU.ActiveCfg = Release|Any CPU
		{A7892008-24FA-4EEC-914B-E6E4A2BF6AFE}.Release|Any CPU.Build.0 = Release|Any CPU
		{2BA1544A-1F7F-43E0-88B8-67D78715FC38}.Debug|Any CPU.ActiveCfg = Debug|Any CPU
		{2BA1544A-1F7F-43E0-88B8-67D78715FC38}.Debug|Any CPU.Build.0 = Debug|Any CPU
		{2BA1544A-1F7F-43E0-88B8-67D78715FC38}.Release|Any CPU.ActiveCfg = Release|Any CPU
		{2BA1544A-1F7F-43E0-88B8-67D78715FC38}.Release|Any CPU.Build.0 = Release|Any CPU
		{F0ADEB91-C9A7-485E-A692-A80C6673393E}.Debug|Any CPU.ActiveCfg = Debug|Any CPU
		{F0ADEB91-C9A7-485E-A692-A80C6673393E}.Debug|Any CPU.Build.0 = Debug|Any CPU
		{F0ADEB91-C9A7-485E-A692-A80C6673393E}.Release|Any CPU.ActiveCfg = Release|Any CPU
		{F0ADEB91-C9A7-485E-A692-A80C6673393E}.Release|Any CPU.Build.0 = Release|Any CPU
		{DA3ED5DF-6137-4420-B788-7CBB61A98B11}.Debug|Any CPU.ActiveCfg = Debug|Any CPU
		{DA3ED5DF-6137-4420-B788-7CBB61A98B11}.Debug|Any CPU.Build.0 = Debug|Any CPU
		{DA3ED5DF-6137-4420-B788-7CBB61A98B11}.Release|Any CPU.ActiveCfg = Release|Any CPU
		{DA3ED5DF-6137-4420-B788-7CBB61A98B11}.Release|Any CPU.Build.0 = Release|Any CPU
		{EAD12667-9BF6-4C29-A44B-60F3486F92A9}.Debug|Any CPU.ActiveCfg = Debug|Any CPU
		{EAD12667-9BF6-4C29-A44B-60F3486F92A9}.Debug|Any CPU.Build.0 = Debug|Any CPU
		{EAD12667-9BF6-4C29-A44B-60F3486F92A9}.Release|Any CPU.ActiveCfg = Release|Any CPU
		{EAD12667-9BF6-4C29-A44B-60F3486F92A9}.Release|Any CPU.Build.0 = Release|Any CPU
		{8E64420F-08A6-45F4-B17B-420362463B26}.Debug|Any CPU.ActiveCfg = Debug|Any CPU
		{8E64420F-08A6-45F4-B17B-420362463B26}.Debug|Any CPU.Build.0 = Debug|Any CPU
		{8E64420F-08A6-45F4-B17B-420362463B26}.Release|Any CPU.ActiveCfg = Release|Any CPU
		{8E64420F-08A6-45F4-B17B-420362463B26}.Release|Any CPU.Build.0 = Release|Any CPU
		{AA42C17E-8480-4F58-A90B-0E9DB582A90A}.Debug|Any CPU.ActiveCfg = Debug|Any CPU
		{AA42C17E-8480-4F58-A90B-0E9DB582A90A}.Debug|Any CPU.Build.0 = Debug|Any CPU
		{AA42C17E-8480-4F58-A90B-0E9DB582A90A}.Release|Any CPU.ActiveCfg = Release|Any CPU
		{AA42C17E-8480-4F58-A90B-0E9DB582A90A}.Release|Any CPU.Build.0 = Release|Any CPU
		{E9FB8480-14E3-45E0-8192-94532BEDADF9}.Debug|Any CPU.ActiveCfg = Debug|Any CPU
		{E9FB8480-14E3-45E0-8192-94532BEDADF9}.Debug|Any CPU.Build.0 = Debug|Any CPU
		{E9FB8480-14E3-45E0-8192-94532BEDADF9}.Release|Any CPU.ActiveCfg = Release|Any CPU
		{E9FB8480-14E3-45E0-8192-94532BEDADF9}.Release|Any CPU.Build.0 = Release|Any CPU
		{98B5BDE7-4C25-42A8-8335-BF50186840E9}.Debug|Any CPU.ActiveCfg = Debug|Any CPU
		{98B5BDE7-4C25-42A8-8335-BF50186840E9}.Debug|Any CPU.Build.0 = Debug|Any CPU
		{98B5BDE7-4C25-42A8-8335-BF50186840E9}.Release|Any CPU.ActiveCfg = Release|Any CPU
		{98B5BDE7-4C25-42A8-8335-BF50186840E9}.Release|Any CPU.Build.0 = Release|Any CPU
		{0B98D130-1B3F-482B-A63B-201F008D79DB}.Debug|Any CPU.ActiveCfg = Debug|Any CPU
		{0B98D130-1B3F-482B-A63B-201F008D79DB}.Debug|Any CPU.Build.0 = Debug|Any CPU
		{0B98D130-1B3F-482B-A63B-201F008D79DB}.Release|Any CPU.ActiveCfg = Release|Any CPU
		{0B98D130-1B3F-482B-A63B-201F008D79DB}.Release|Any CPU.Build.0 = Release|Any CPU
	EndGlobalSection
	GlobalSection(SolutionProperties) = preSolution
		HideSolutionNode = FALSE
	EndGlobalSection
	GlobalSection(NestedProjects) = preSolution
		{31310224-4B41-4D58-8F2E-F228418D5E1D} = {E2695989-989B-43C7-9DBB-548CD9776892}
		{B577BF2B-C36E-4889-B60F-50FF3546A7E6} = {E2695989-989B-43C7-9DBB-548CD9776892}
		{1AA96FA3-1A62-49C8-AF95-9366A8EE9114} = {B577BF2B-C36E-4889-B60F-50FF3546A7E6}
		{118E72B5-765E-4848-B425-55DD167FF216} = {B577BF2B-C36E-4889-B60F-50FF3546A7E6}
		{A3DC7569-8E24-4F4F-9451-8412073B071B} = {79A136C3-369B-4C20-8F0B-608967D88A47}
		{A7892008-24FA-4EEC-914B-E6E4A2BF6AFE} = {79A136C3-369B-4C20-8F0B-608967D88A47}
		{2BA1544A-1F7F-43E0-88B8-67D78715FC38} = {F3AD0515-5B05-489B-898B-BE16085E670F}
		{DA3ED5DF-6137-4420-B788-7CBB61A98B11} = {7FCDE702-DFDC-41D0-B7F5-BE0A8AFAE9FF}
		{EAD12667-9BF6-4C29-A44B-60F3486F92A9} = {7FCDE702-DFDC-41D0-B7F5-BE0A8AFAE9FF}
		{EE6A247D-C7D6-4BAB-AAFD-68A9D9ADE6BF} = {7FCDE702-DFDC-41D0-B7F5-BE0A8AFAE9FF}
		{8E64420F-08A6-45F4-B17B-420362463B26} = {EE6A247D-C7D6-4BAB-AAFD-68A9D9ADE6BF}
		{AA42C17E-8480-4F58-A90B-0E9DB582A90A} = {F3AD0515-5B05-489B-898B-BE16085E670F}
		{E9FB8480-14E3-45E0-8192-94532BEDADF9} = {F3AD0515-5B05-489B-898B-BE16085E670F}
		{98B5BDE7-4C25-42A8-8335-BF50186840E9} = {31310224-4B41-4D58-8F2E-F228418D5E1D}
		{0B98D130-1B3F-482B-A63B-201F008D79DB} = {31310224-4B41-4D58-8F2E-F228418D5E1D}
	EndGlobalSection
	GlobalSection(ExtensibilityGlobals) = postSolution
		SolutionGuid = {B3DE3769-F35D-49E4-AC85-D3E46F62255C}
	EndGlobalSection
EndGlobal
